
Microsoft Visual Studio Solution File, Format Version 12.00
# Visual Studio 15
VisualStudioVersion = 15.0.27130.2036
MinimumVisualStudioVersion = 10.0.40219.1
Project("{FAE04EC0-301F-11D3-BF4B-00C04F79EFBC}") = "Test", "Test\Test.csproj", "{6056DAFE-8E5A-4AA4-AA37-2618C37C4DAB}"
EndProject
Global
	GlobalSection(SolutionConfigurationPlatforms) = preSolution
		Debug|Any CPU = Debug|Any CPU
		Release|Any CPU = Release|Any CPU
	EndGlobalSection
	GlobalSection(ProjectConfigurationPlatforms) = postSolution
		{6056DAFE-8E5A-4AA4-AA37-2618C37C4DAB}.Debug|Any CPU.ActiveCfg = Debug|Any CPU
		{6056DAFE-8E5A-4AA4-AA37-2618C37C4DAB}.Debug|Any CPU.Build.0 = Debug|Any CPU
		{6056DAFE-8E5A-4AA4-AA37-2618C37C4DAB}.Release|Any CPU.ActiveCfg = Release|Any CPU
		{6056DAFE-8E5A-4AA4-AA37-2618C37C4DAB}.Release|Any CPU.Build.0 = Release|Any CPU
	EndGlobalSection
	GlobalSection(SolutionProperties) = preSolution
		HideSolutionNode = FALSE
	EndGlobalSection
	GlobalSection(ExtensibilityGlobals) = postSolution
		SolutionGuid = {472037B9-FBAC-4EC4-B197-C25EA2402DCC}
	EndGlobalSection
EndGlobal
